
Microsoft Visual Studio Solution File, Format Version 12.00
# Visual Studio Version 16
VisualStudioVersion = 16.0.30523.141
MinimumVisualStudioVersion = 10.0.40219.1
Project("{FAE04EC0-301F-11D3-BF4B-00C04F79EFBC}") = "DGSappSem2", "DGSappSem2\DGSappSem2.csproj", "{A2918A33-1C60-4C92-A260-856357B09531}"
EndProject
Project("{FAE04EC0-301F-11D3-BF4B-00C04F79EFBC}") = "DGSappSem2.Tests", "DGSappSem2.Tests\DGSappSem2.Tests.csproj", "{BAE4EAB6-C08B-44D8-AD2D-59AA8CAD185D}"
EndProject
Global
	GlobalSection(SolutionConfigurationPlatforms) = preSolution
		Debug|Any CPU = Debug|Any CPU
		Release|Any CPU = Release|Any CPU
	EndGlobalSection
	GlobalSection(ProjectConfigurationPlatforms) = postSolution
		{A2918A33-1C60-4C92-A260-856357B09531}.Debug|Any CPU.ActiveCfg = Debug|Any CPU
		{A2918A33-1C60-4C92-A260-856357B09531}.Debug|Any CPU.Build.0 = Debug|Any CPU
		{A2918A33-1C60-4C92-A260-856357B09531}.Release|Any CPU.ActiveCfg = Release|Any CPU
		{A2918A33-1C60-4C92-A260-856357B09531}.Release|Any CPU.Build.0 = Release|Any CPU
		{BAE4EAB6-C08B-44D8-AD2D-59AA8CAD185D}.Debug|Any CPU.ActiveCfg = Debug|Any CPU
		{BAE4EAB6-C08B-44D8-AD2D-59AA8CAD185D}.Debug|Any CPU.Build.0 = Debug|Any CPU
		{BAE4EAB6-C08B-44D8-AD2D-59AA8CAD185D}.Release|Any CPU.ActiveCfg = Release|Any CPU
		{BAE4EAB6-C08B-44D8-AD2D-59AA8CAD185D}.Release|Any CPU.Build.0 = Release|Any CPU
	EndGlobalSection
	GlobalSection(SolutionProperties) = preSolution
		HideSolutionNode = FALSE
	EndGlobalSection
	GlobalSection(ExtensibilityGlobals) = postSolution
		SolutionGuid = {93FD9A2A-83FA-4D21-B9DA-84912898CD1F}
	EndGlobalSection
EndGlobal
